
Microsoft Visual Studio Solution File, Format Version 12.00
# Visual Studio Version 16
VisualStudioVersion = 16.0.32510.428
MinimumVisualStudioVersion = 10.0.40219.1
Project("{FAE04EC0-301F-11D3-BF4B-00C04F79EFBC}") = "React", "React.csproj", "{A5B5B503-B26E-420D-BB90-E177E42E3960}"
EndProject
Global
	GlobalSection(SolutionConfigurationPlatforms) = preSolution
		Debug|Any CPU = Debug|Any CPU
		Release|Any CPU = Release|Any CPU
	EndGlobalSection
	GlobalSection(ProjectConfigurationPlatforms) = postSolution
		{A5B5B503-B26E-420D-BB90-E177E42E3960}.Debug|Any CPU.ActiveCfg = Debug|Any CPU
		{A5B5B503-B26E-420D-BB90-E177E42E3960}.Debug|Any CPU.Build.0 = Debug|Any CPU
		{A5B5B503-B26E-420D-BB90-E177E42E3960}.Release|Any CPU.ActiveCfg = Release|Any CPU
		{A5B5B503-B26E-420D-BB90-E177E42E3960}.Release|Any CPU.Build.0 = Release|Any CPU
	EndGlobalSection
	GlobalSection(SolutionProperties) = preSolution
		HideSolutionNode = FALSE
	EndGlobalSection
	GlobalSection(ExtensibilityGlobals) = postSolution
		SolutionGuid = {082BC558-2B2B-4A56-BA02-2A30A7A5C95C}
	EndGlobalSection
EndGlobal
